
Microsoft Visual Studio Solution File, Format Version 12.00
# Visual Studio Version 17
VisualStudioVersion = 17.0.31903.59
MinimumVisualStudioVersion = 10.0.40219.1
Project("{FAE04EC0-301F-11D3-BF4B-00C04F79EFBC}") = "Kraftvaerk.Umbraco.Headless.CacheKeys.Backend", "Kraftvaerk.Umbraco.Headless.CacheKeys.Backend\Kraftvaerk.Umbraco.Headless.CacheKeys.Backend.csproj", "{810FE28A-C121-4F10-9D88-6DD9C39DC3BB}"
EndProject
Project("{2150E333-8FDC-42A3-9474-1A3956D46DE8}") = "Umbraco", "Umbraco", "{02EA681E-C7D8-13C7-8484-4AC65E1B71E8}"
EndProject
Project("{FAE04EC0-301F-11D3-BF4B-00C04F79EFBC}") = "v16.0.0-rc2", "umbraco\v16.0.0-rc2\v16.0.0-rc2.csproj", "{BAB8C53E-E270-25B8-B732-4125BCB315E2}"
EndProject
Global
	GlobalSection(SolutionConfigurationPlatforms) = preSolution
		Debug|Any CPU = Debug|Any CPU
		Release|Any CPU = Release|Any CPU
	EndGlobalSection
	GlobalSection(ProjectConfigurationPlatforms) = postSolution
		{810FE28A-C121-4F10-9D88-6DD9C39DC3BB}.Debug|Any CPU.ActiveCfg = Debug|Any CPU
		{810FE28A-C121-4F10-9D88-6DD9C39DC3BB}.Debug|Any CPU.Build.0 = Debug|Any CPU
		{810FE28A-C121-4F10-9D88-6DD9C39DC3BB}.Release|Any CPU.ActiveCfg = Release|Any CPU
		{810FE28A-C121-4F10-9D88-6DD9C39DC3BB}.Release|Any CPU.Build.0 = Release|Any CPU
		{BAB8C53E-E270-25B8-B732-4125BCB315E2}.Debug|Any CPU.ActiveCfg = Debug|Any CPU
		{BAB8C53E-E270-25B8-B732-4125BCB315E2}.Debug|Any CPU.Build.0 = Debug|Any CPU
		{BAB8C53E-E270-25B8-B732-4125BCB315E2}.Release|Any CPU.ActiveCfg = Release|Any CPU
		{BAB8C53E-E270-25B8-B732-4125BCB315E2}.Release|Any CPU.Build.0 = Release|Any CPU
	EndGlobalSection
	GlobalSection(SolutionProperties) = preSolution
		HideSolutionNode = FALSE
	EndGlobalSection
	GlobalSection(NestedProjects) = preSolution
		{BAB8C53E-E270-25B8-B732-4125BCB315E2} = {02EA681E-C7D8-13C7-8484-4AC65E1B71E8}
	EndGlobalSection
	GlobalSection(ExtensibilityGlobals) = postSolution
		SolutionGuid = {A4718CBE-2351-45A0-9435-1B6B52C1397F}
	EndGlobalSection
EndGlobal

